// !$*UTF8*$!
{
	archiveVersion = 1;
	classes = {
	};
	objectVersion = 46;
	objects = {

/* Begin PBXBuildFile section */
		E07413051980605F00A194B8 /* Foundation.framework in Frameworks */ = {isa = PBXBuildFile; fileRef = E07413041980605F00A194B8 /* Foundation.framework */; };
		E07413071980605F00A194B8 /* CoreGraphics.framework in Frameworks */ = {isa = PBXBuildFile; fileRef = E07413061980605F00A194B8 /* CoreGraphics.framework */; };
		E07413091980605F00A194B8 /* UIKit.framework in Frameworks */ = {isa = PBXBuildFile; fileRef = E07413081980605F00A194B8 /* UIKit.framework */; };
		E074130F1980605F00A194B8 /* InfoPlist.strings in Resources */ = {isa = PBXBuildFile; fileRef = E074130D1980605F00A194B8 /* InfoPlist.strings */; };
		E07413111980605F00A194B8 /* main.m in Sources */ = {isa = PBXBuildFile; fileRef = E07413101980605F00A194B8 /* main.m */; };
		E07413151980605F00A194B8 /* CardGameAppDelegate.m in Sources */ = {isa = PBXBuildFile; fileRef = E07413141980605F00A194B8 /* CardGameAppDelegate.m */; };
		E07413181980605F00A194B8 /* Main.storyboard in Resources */ = {isa = PBXBuildFile; fileRef = E07413161980605F00A194B8 /* Main.storyboard */; };
		E074131B1980605F00A194B8 /* CardGameViewController.m in Sources */ = {isa = PBXBuildFile; fileRef = E074131A1980605F00A194B8 /* CardGameViewController.m */; };
		E074131D1980605F00A194B8 /* Images.xcassets in Resources */ = {isa = PBXBuildFile; fileRef = E074131C1980605F00A194B8 /* Images.xcassets */; };
		E07413241980605F00A194B8 /* XCTest.framework in Frameworks */ = {isa = PBXBuildFile; fileRef = E07413231980605F00A194B8 /* XCTest.framework */; };
		E07413251980605F00A194B8 /* Foundation.framework in Frameworks */ = {isa = PBXBuildFile; fileRef = E07413041980605F00A194B8 /* Foundation.framework */; };
		E07413261980605F00A194B8 /* UIKit.framework in Frameworks */ = {isa = PBXBuildFile; fileRef = E07413081980605F00A194B8 /* UIKit.framework */; };
		E074132E1980605F00A194B8 /* InfoPlist.strings in Resources */ = {isa = PBXBuildFile; fileRef = E074132C1980605F00A194B8 /* InfoPlist.strings */; };
		E07413301980605F00A194B8 /* MatchismoTests.m in Sources */ = {isa = PBXBuildFile; fileRef = E074132F1980605F00A194B8 /* MatchismoTests.m */; };
/* End PBXBuildFile section */

/* Begin PBXContainerItemProxy section */
		E07413271980605F00A194B8 /* PBXContainerItemProxy */ = {
			isa = PBXContainerItemProxy;
			containerPortal = E07412F91980605E00A194B8 /* Project object */;
			proxyType = 1;
			remoteGlobalIDString = E07413001980605F00A194B8;
			remoteInfo = Matchismo;
		};
/* End PBXContainerItemProxy section */

/* Begin PBXFileReference section */
		E07413011980605F00A194B8 /* Matchismo.app */ = {isa = PBXFileReference; explicitFileType = wrapper.application; includeInIndex = 0; path = Matchismo.app; sourceTree = BUILT_PRODUCTS_DIR; };
		E07413041980605F00A194B8 /* Foundation.framework */ = {isa = PBXFileReference; lastKnownFileType = wrapper.framework; name = Foundation.framework; path = System/Library/Frameworks/Foundation.framework; sourceTree = SDKROOT; };
		E07413061980605F00A194B8 /* CoreGraphics.framework */ = {isa = PBXFileReference; lastKnownFileType = wrapper.framework; name = CoreGraphics.framework; path = System/Library/Frameworks/CoreGraphics.framework; sourceTree = SDKROOT; };
		E07413081980605F00A194B8 /* UIKit.framework */ = {isa = PBXFileReference; lastKnownFileType = wrapper.framework; name = UIKit.framework; path = System/Library/Frameworks/UIKit.framework; sourceTree = SDKROOT; };
		E074130C1980605F00A194B8 /* Matchismo-Info.plist */ = {isa = PBXFileReference; lastKnownFileType = text.plist.xml; path = "Matchismo-Info.plist"; sourceTree = "<group>"; };
		E074130E1980605F00A194B8 /* en */ = {isa = PBXFileReference; lastKnownFileType = text.plist.strings; name = en; path = en.lproj/InfoPlist.strings; sourceTree = "<group>"; };
		E07413101980605F00A194B8 /* main.m */ = {isa = PBXFileReference; lastKnownFileType = sourcecode.c.objc; path = main.m; sourceTree = "<group>"; };
		E07413121980605F00A194B8 /* Matchismo-Prefix.pch */ = {isa = PBXFileReference; lastKnownFileType = sourcecode.c.h; path = "Matchismo-Prefix.pch"; sourceTree = "<group>"; };
		E07413131980605F00A194B8 /* CardGameAppDelegate.h */ = {isa = PBXFileReference; lastKnownFileType = sourcecode.c.h; path = CardGameAppDelegate.h; sourceTree = "<group>"; };
		E07413141980605F00A194B8 /* CardGameAppDelegate.m */ = {isa = PBXFileReference; lastKnownFileType = sourcecode.c.objc; path = CardGameAppDelegate.m; sourceTree = "<group>"; };
		E07413171980605F00A194B8 /* Base */ = {isa = PBXFileReference; lastKnownFileType = file.storyboard; name = Base; path = Base.lproj/Main.storyboard; sourceTree = "<group>"; };
		E07413191980605F00A194B8 /* CardGameViewController.h */ = {isa = PBXFileReference; lastKnownFileType = sourcecode.c.h; path = CardGameViewController.h; sourceTree = "<group>"; };
		E074131A1980605F00A194B8 /* CardGameViewController.m */ = {isa = PBXFileReference; lastKnownFileType = sourcecode.c.objc; path = CardGameViewController.m; sourceTree = "<group>"; };
		E074131C1980605F00A194B8 /* Images.xcassets */ = {isa = PBXFileReference; lastKnownFileType = folder.assetcatalog; path = Images.xcassets; sourceTree = "<group>"; };
		E07413221980605F00A194B8 /* MatchismoTests.xctest */ = {isa = PBXFileReference; explicitFileType = wrapper.cfbundle; includeInIndex = 0; path = MatchismoTests.xctest; sourceTree = BUILT_PRODUCTS_DIR; };
		E07413231980605F00A194B8 /* XCTest.framework */ = {isa = PBXFileReference; lastKnownFileType = wrapper.framework; name = XCTest.framework; path = Library/Frameworks/XCTest.framework; sourceTree = DEVELOPER_DIR; };
		E074132B1980605F00A194B8 /* MatchismoTests-Info.plist */ = {isa = PBXFileReference; lastKnownFileType = text.plist.xml; path = "MatchismoTests-Info.plist"; sourceTree = "<group>"; };
		E074132D1980605F00A194B8 /* en */ = {isa = PBXFileReference; lastKnownFileType = text.plist.strings; name = en; path = en.lproj/InfoPlist.strings; sourceTree = "<group>"; };
		E074132F1980605F00A194B8 /* MatchismoTests.m */ = {isa = PBXFileReference; lastKnownFileType = sourcecode.c.objc; path = MatchismoTests.m; sourceTree = "<group>"; };
/* End PBXFileReference section */

/* Begin PBXFrameworksBuildPhase section */
		E07412FE1980605F00A194B8 /* Frameworks */ = {
			isa = PBXFrameworksBuildPhase;
			buildActionMask = 2147483647;
			files = (
				E07413071980605F00A194B8 /* CoreGraphics.framework in Frameworks */,
				E07413091980605F00A194B8 /* UIKit.framework in Frameworks */,
				E07413051980605F00A194B8 /* Foundation.framework in Frameworks */,
			);
			runOnlyForDeploymentPostprocessing = 0;
		};
		E074131F1980605F00A194B8 /* Frameworks */ = {
			isa = PBXFrameworksBuildPhase;
			buildActionMask = 2147483647;
			files = (
				E07413241980605F00A194B8 /* XCTest.framework in Frameworks */,
				E07413261980605F00A194B8 /* UIKit.framework in Frameworks */,
				E07413251980605F00A194B8 /* Foundation.framework in Frameworks */,
			);
			runOnlyForDeploymentPostprocessing = 0;
		};
/* End PBXFrameworksBuildPhase section */

/* Begin PBXGroup section */
		E07412F81980605E00A194B8 = {
			isa = PBXGroup;
			children = (
				E074130A1980605F00A194B8 /* Matchismo */,
				E07413291980605F00A194B8 /* MatchismoTests */,
				E07413031980605F00A194B8 /* Frameworks */,
				E07413021980605F00A194B8 /* Products */,
			);
			sourceTree = "<group>";
		};
		E07413021980605F00A194B8 /* Products */ = {
			isa = PBXGroup;
			children = (
				E07413011980605F00A194B8 /* Matchismo.app */,
				E07413221980605F00A194B8 /* MatchismoTests.xctest */,
			);
			name = Products;
			sourceTree = "<group>";
		};
		E07413031980605F00A194B8 /* Frameworks */ = {
			isa = PBXGroup;
			children = (
				E07413041980605F00A194B8 /* Foundation.framework */,
				E07413061980605F00A194B8 /* CoreGraphics.framework */,
				E07413081980605F00A194B8 /* UIKit.framework */,
				E07413231980605F00A194B8 /* XCTest.framework */,
			);
			name = Frameworks;
			sourceTree = "<group>";
		};
		E074130A1980605F00A194B8 /* Matchismo */ = {
			isa = PBXGroup;
			children = (
				E07413131980605F00A194B8 /* CardGameAppDelegate.h */,
				E07413141980605F00A194B8 /* CardGameAppDelegate.m */,
				E07413161980605F00A194B8 /* Main.storyboard */,
				E07413191980605F00A194B8 /* CardGameViewController.h */,
				E074131A1980605F00A194B8 /* CardGameViewController.m */,
				E074131C1980605F00A194B8 /* Images.xcassets */,
				E074130B1980605F00A194B8 /* Supporting Files */,
			);
			path = Matchismo;
			sourceTree = "<group>";
		};
		E074130B1980605F00A194B8 /* Supporting Files */ = {
			isa = PBXGroup;
			children = (
				E074130C1980605F00A194B8 /* Matchismo-Info.plist */,
				E074130D1980605F00A194B8 /* InfoPlist.strings */,
				E07413101980605F00A194B8 /* main.m */,
				E07413121980605F00A194B8 /* Matchismo-Prefix.pch */,
			);
			name = "Supporting Files";
			sourceTree = "<group>";
		};
		E07413291980605F00A194B8 /* MatchismoTests */ = {
			isa = PBXGroup;
			children = (
				E074132F1980605F00A194B8 /* MatchismoTests.m */,
				E074132A1980605F00A194B8 /* Supporting Files */,
			);
			path = MatchismoTests;
			sourceTree = "<group>";
		};
		E074132A1980605F00A194B8 /* Supporting Files */ = {
			isa = PBXGroup;
			children = (
				E074132B1980605F00A194B8 /* MatchismoTests-Info.plist */,
				E074132C1980605F00A194B8 /* InfoPlist.strings */,
			);
			name = "Supporting Files";
			sourceTree = "<group>";
		};
/* End PBXGroup section */

/* Begin PBXNativeTarget section */
		E07413001980605F00A194B8 /* Matchismo */ = {
			isa = PBXNativeTarget;
			buildConfigurationList = E07413331980605F00A194B8 /* Build configuration list for PBXNativeTarget "Matchismo" */;
			buildPhases = (
				E07412FD1980605F00A194B8 /* Sources */,
				E07412FE1980605F00A194B8 /* Frameworks */,
				E07412FF1980605F00A194B8 /* Resources */,
			);
			buildRules = (
			);
			dependencies = (
			);
			name = Matchismo;
			productName = Matchismo;
			productReference = E07413011980605F00A194B8 /* Matchismo.app */;
			productType = "com.apple.product-type.application";
		};
		E07413211980605F00A194B8 /* MatchismoTests */ = {
			isa = PBXNativeTarget;
			buildConfigurationList = E07413361980605F00A194B8 /* Build configuration list for PBXNativeTarget "MatchismoTests" */;
			buildPhases = (
				E074131E1980605F00A194B8 /* Sources */,
				E074131F1980605F00A194B8 /* Frameworks */,
				E07413201980605F00A194B8 /* Resources */,
			);
			buildRules = (
			);
			dependencies = (
				E07413281980605F00A194B8 /* PBXTargetDependency */,
			);
			name = MatchismoTests;
			productName = MatchismoTests;
			productReference = E07413221980605F00A194B8 /* MatchismoTests.xctest */;
			productType = "com.apple.product-type.bundle.unit-test";
		};
/* End PBXNativeTarget section */

/* Begin PBXProject section */
		E07412F91980605E00A194B8 /* Project object */ = {
			isa = PBXProject;
			attributes = {
				CLASSPREFIX = CardGame;
				LastUpgradeCheck = 0510;
				ORGANIZATIONNAME = DavidChour;
				TargetAttributes = {
					E07413211980605F00A194B8 = {
						TestTargetID = E07413001980605F00A194B8;
					};
				};
			};
			buildConfigurationList = E07412FC1980605E00A194B8 /* Build configuration list for PBXProject "Matchismo" */;
			compatibilityVersion = "Xcode 3.2";
			developmentRegion = English;
			hasScannedForEncodings = 0;
			knownRegions = (
				en,
				Base,
			);
			mainGroup = E07412F81980605E00A194B8;
			productRefGroup = E07413021980605F00A194B8 /* Products */;
			projectDirPath = "";
			projectRoot = "";
			targets = (
				E07413001980605F00A194B8 /* Matchismo */,
				E07413211980605F00A194B8 /* MatchismoTests */,
			);
		};
/* End PBXProject section */

/* Begin PBXResourcesBuildPhase section */
		E07412FF1980605F00A194B8 /* Resources */ = {
			isa = PBXResourcesBuildPhase;
			buildActionMask = 2147483647;
			files = (
				E074131D1980605F00A194B8 /* Images.xcassets in Resources */,
				E074130F1980605F00A194B8 /* InfoPlist.strings in Resources */,
				E07413181980605F00A194B8 /* Main.storyboard in Resources */,
			);
			runOnlyForDeploymentPostprocessing = 0;
		};
		E07413201980605F00A194B8 /* Resources */ = {
			isa = PBXResourcesBuildPhase;
			buildActionMask = 2147483647;
			files = (
				E074132E1980605F00A194B8 /* InfoPlist.strings in Resources */,
			);
			runOnlyForDeploymentPostprocessing = 0;
		};
/* End PBXResourcesBuildPhase section */

/* Begin PBXSourcesBuildPhase section */
		E07412FD1980605F00A194B8 /* Sources */ = {
			isa = PBXSourcesBuildPhase;
			buildActionMask = 2147483647;
			files = (
				E07413151980605F00A194B8 /* CardGameAppDelegate.m in Sources */,
				E074131B1980605F00A194B8 /* CardGameViewController.m in Sources */,
				E07413111980605F00A194B8 /* main.m in Sources */,
			);
			runOnlyForDeploymentPostprocessing = 0;
		};
		E074131E1980605F00A194B8 /* Sources */ = {
			isa = PBXSourcesBuildPhase;
			buildActionMask = 2147483647;
			files = (
				E07413301980605F00A194B8 /* MatchismoTests.m in Sources */,
			);
			runOnlyForDeploymentPostprocessing = 0;
		};
/* End PBXSourcesBuildPhase section */

/* Begin PBXTargetDependency section */
		E07413281980605F00A194B8 /* PBXTargetDependency */ = {
			isa = PBXTargetDependency;
			target = E07413001980605F00A194B8 /* Matchismo */;
			targetProxy = E07413271980605F00A194B8 /* PBXContainerItemProxy */;
		};
/* End PBXTargetDependency section */

/* Begin PBXVariantGroup section */
		E074130D1980605F00A194B8 /* InfoPlist.strings */ = {
			isa = PBXVariantGroup;
			children = (
				E074130E1980605F00A194B8 /* en */,
			);
			name = InfoPlist.strings;
			sourceTree = "<group>";
		};
		E07413161980605F00A194B8 /* Main.storyboard */ = {
			isa = PBXVariantGroup;
			children = (
				E07413171980605F00A194B8 /* Base */,
			);
			name = Main.storyboard;
			sourceTree = "<group>";
		};
		E074132C1980605F00A194B8 /* InfoPlist.strings */ = {
			isa = PBXVariantGroup;
			children = (
				E074132D1980605F00A194B8 /* en */,
			);
			name = InfoPlist.strings;
			sourceTree = "<group>";
		};
/* End PBXVariantGroup section */

/* Begin XCBuildConfiguration section */
		E07413311980605F00A194B8 /* Debug */ = {
			isa = XCBuildConfiguration;
			buildSettings = {
				ALWAYS_SEARCH_USER_PATHS = NO;
				CLANG_CXX_LANGUAGE_STANDARD = "gnu++0x";
				CLANG_CXX_LIBRARY = "libc++";
				CLANG_ENABLE_MODULES = YES;
				CLANG_ENABLE_OBJC_ARC = YES;
				CLANG_WARN_BOOL_CONVERSION = YES;
				CLANG_WARN_CONSTANT_CONVERSION = YES;
				CLANG_WARN_DIRECT_OBJC_ISA_USAGE = YES_ERROR;
				CLANG_WARN_EMPTY_BODY = YES;
				CLANG_WARN_ENUM_CONVERSION = YES;
				CLANG_WARN_INT_CONVERSION = YES;
				CLANG_WARN_OBJC_ROOT_CLASS = YES_ERROR;
				CLANG_WARN__DUPLICATE_METHOD_MATCH = YES;
				"CODE_SIGN_IDENTITY[sdk=iphoneos*]" = "iPhone Developer";
				COPY_PHASE_STRIP = NO;
				GCC_C_LANGUAGE_STANDARD = gnu99;
				GCC_DYNAMIC_NO_PIC = NO;
				GCC_OPTIMIZATION_LEVEL = 0;
				GCC_PREPROCESSOR_DEFINITIONS = (
					"DEBUG=1",
					"$(inherited)",
				);
				GCC_SYMBOLS_PRIVATE_EXTERN = NO;
				GCC_WARN_64_TO_32_BIT_CONVERSION = YES;
				GCC_WARN_ABOUT_RETURN_TYPE = YES_ERROR;
				GCC_WARN_UNDECLARED_SELECTOR = YES;
				GCC_WARN_UNINITIALIZED_AUTOS = YES_AGGRESSIVE;
				GCC_WARN_UNUSED_FUNCTION = YES;
				GCC_WARN_UNUSED_VARIABLE = YES;
				IPHONEOS_DEPLOYMENT_TARGET = 7.1;
				ONLY_ACTIVE_ARCH = YES;
				SDKROOT = iphoneos;
			};
			name = Debug;
		};
		E07413321980605F00A194B8 /* Release */ = {
			isa = XCBuildConfiguration;
			buildSettings = {
				ALWAYS_SEARCH_USER_PATHS = NO;
				CLANG_CXX_LANGUAGE_STANDARD = "gnu++0x";
				CLANG_CXX_LIBRARY = "libc++";
				CLANG_ENABLE_MODULES = YES;
				CLANG_ENABLE_OBJC_ARC = YES;
				CLANG_WARN_BOOL_CONVERSION = YES;
				CLANG_WARN_CONSTANT_CONVERSION = YES;
				CLANG_WARN_DIRECT_OBJC_ISA_USAGE = YES_ERROR;
				CLANG_WARN_EMPTY_BODY = YES;
				CLANG_WARN_ENUM_CONVERSION = YES;
				CLANG_WARN_INT_CONVERSION = YES;
				CLANG_WARN_OBJC_ROOT_CLASS = YES_ERROR;
				CLANG_WARN__DUPLICATE_METHOD_MATCH = YES;
				"CODE_SIGN_IDENTITY[sdk=iphoneos*]" = "iPhone Developer";
				COPY_PHASE_STRIP = YES;
				ENABLE_NS_ASSERTIONS = NO;
				GCC_C_LANGUAGE_STANDARD = gnu99;
				GCC_WARN_64_TO_32_BIT_CONVERSION = YES;
				GCC_WARN_ABOUT_RETURN_TYPE = YES_ERROR;
				GCC_WARN_UNDECLARED_SELECTOR = YES;
				GCC_WARN_UNINITIALIZED_AUTOS = YES_AGGRESSIVE;
				GCC_WARN_UNUSED_FUNCTION = YES;
				GCC_WARN_UNUSED_VARIABLE = YES;
				IPHONEOS_DEPLOYMENT_TARGET = 7.1;
				SDKROOT = iphoneos;
				VALIDATE_PRODUCT = YES;
			};
			name = Release;
		};
		E07413341980605F00A194B8 /* Debug */ = {
			isa = XCBuildConfiguration;
			buildSettings = {
				ASSETCATALOG_COMPILER_APPICON_NAME = AppIcon;
				ASSETCATALOG_COMPILER_LAUNCHIMAGE_NAME = LaunchImage;
				GCC_PRECOMPILE_PREFIX_HEADER = YES;
				GCC_PREFIX_HEADER = "Matchismo/Matchismo-Prefix.pch";
				INFOPLIST_FILE = "Matchismo/Matchismo-Info.plist";
				PRODUCT_NAME = "$(TARGET_NAME)";
				WRAPPER_EXTENSION = app;
			};
			name = Debug;
		};
		E07413351980605F00A194B8 /* Release */ = {
			isa = XCBuildConfiguration;
			buildSettings = {
				ASSETCATALOG_COMPILER_APPICON_NAME = AppIcon;
				ASSETCATALOG_COMPILER_LAUNCHIMAGE_NAME = LaunchImage;
				GCC_PRECOMPILE_PREFIX_HEADER = YES;
				GCC_PREFIX_HEADER = "Matchismo/Matchismo-Prefix.pch";
				INFOPLIST_FILE = "Matchismo/Matchismo-Info.plist";
				PRODUCT_NAME = "$(TARGET_NAME)";
				WRAPPER_EXTENSION = app;
			};
			name = Release;
		};
		E07413371980605F00A194B8 /* Debug */ = {
			isa = XCBuildConfiguration;
			buildSettings = {
				BUNDLE_LOADER = "$(BUILT_PRODUCTS_DIR)/Matchismo.app/Matchismo";
				FRAMEWORK_SEARCH_PATHS = (
					"$(SDKROOT)/Developer/Library/Frameworks",
					"$(inherited)",
					"$(DEVELOPER_FRAMEWORKS_DIR)",
				);
				GCC_PRECOMPILE_PREFIX_HEADER = YES;
				GCC_PREFIX_HEADER = "Matchismo/Matchismo-Prefix.pch";
				GCC_PREPROCESSOR_DEFINITIONS = (
					"DEBUG=1",
					"$(inherited)",
				);
				INFOPLIST_FILE = "MatchismoTests/MatchismoTests-Info.plist";
				PRODUCT_NAME = "$(TARGET_NAME)";
				TEST_HOST = "$(BUNDLE_LOADER)";
				WRAPPER_EXTENSION = xctest;
			};
			name = Debug;
		};
		E07413381980605F00A194B8 /* Release */ = {
			isa = XCBuildConfiguration;
			buildSettings = {
				BUNDLE_LOADER = "$(BUILT_PRODUCTS_DIR)/Matchismo.app/Matchismo";
				FRAMEWORK_SEARCH_PATHS = (
					"$(SDKROOT)/Developer/Library/Frameworks",
					"$(inherited)",
					"$(DEVELOPER_FRAMEWORKS_DIR)",
				);
				GCC_PRECOMPILE_PREFIX_HEADER = YES;
				GCC_PREFIX_HEADER = "Matchismo/Matchismo-Prefix.pch";
				INFOPLIST_FILE = "MatchismoTests/MatchismoTests-Info.plist";
				PRODUCT_NAME = "$(TARGET_NAME)";
				TEST_HOST = "$(BUNDLE_LOADER)";
				WRAPPER_EXTENSION = xctest;
			};
			name = Release;
		};
/* End XCBuildConfiguration section */

/* Begin XCConfigurationList section */
		E07412FC1980605E00A194B8 /* Build configuration list for PBXProject "Matchismo" */ = {
			isa = XCConfigurationList;
			buildConfigurations = (
				E07413311980605F00A194B8 /* Debug */,
				E07413321980605F00A194B8 /* Release */,
			);
			defaultConfigurationIsVisible = 0;
			defaultConfigurationName = Release;
		};
		E07413331980605F00A194B8 /* Build configuration list for PBXNativeTarget "Matchismo" */ = {
			isa = XCConfigurationList;
			buildConfigurations = (
				E07413341980605F00A194B8 /* Debug */,
				E07413351980605F00A194B8 /* Release */,
			);
			defaultConfigurationIsVisible = 0;
		};
		E07413361980605F00A194B8 /* Build configuration list for PBXNativeTarget "MatchismoTests" */ = {
			isa = XCConfigurationList;
			buildConfigurations = (
				E07413371980605F00A194B8 /* Debug */,
				E07413381980605F00A194B8 /* Release */,
			);
			defaultConfigurationIsVisible = 0;
		};
/* End XCConfigurationList section */
	};
	rootObject = E07412F91980605E00A194B8 /* Project object */;
}
